
Microsoft Visual Studio Solution File, Format Version 12.00
# Visual Studio Version 17
VisualStudioVersion = 17.0.32112.339
MinimumVisualStudioVersion = 10.0.40219.1
Project("{FAE04EC0-301F-11D3-BF4B-00C04F79EFBC}") = "lookie", "lookie\lookie.csproj", "{BD8FE172-4163-45F0-8C6A-BAF23B1B797C}"
EndProject
Global
	GlobalSection(SolutionConfigurationPlatforms) = preSolution
		Debug|Any CPU = Debug|Any CPU
		Release|Any CPU = Release|Any CPU
	EndGlobalSection
	GlobalSection(ProjectConfigurationPlatforms) = postSolution
		{BD8FE172-4163-45F0-8C6A-BAF23B1B797C}.Debug|Any CPU.ActiveCfg = Debug|Any CPU
		{BD8FE172-4163-45F0-8C6A-BAF23B1B797C}.Debug|Any CPU.Build.0 = Debug|Any CPU
		{BD8FE172-4163-45F0-8C6A-BAF23B1B797C}.Release|Any CPU.ActiveCfg = Release|Any CPU
		{BD8FE172-4163-45F0-8C6A-BAF23B1B797C}.Release|Any CPU.Build.0 = Release|Any CPU
	EndGlobalSection
	GlobalSection(SolutionProperties) = preSolution
		HideSolutionNode = FALSE
	EndGlobalSection
	GlobalSection(ExtensibilityGlobals) = postSolution
		SolutionGuid = {56CEEFDB-35DC-44CC-9C4D-1F1B839FD72A}
	EndGlobalSection
EndGlobal
